
Microsoft Visual Studio Solution File, Format Version 12.00
# Visual Studio 15
VisualStudioVersion = 15.0.26403.3
MinimumVisualStudioVersion = 10.0.40219.1
Project("{2150E333-8FDC-42A3-9474-1A3956D46DE8}") = "src", "src", "{04F53CB4-2C4A-4B97-B25D-121DD3D1D7D5}"
EndProject
Project("{FAE04EC0-301F-11D3-BF4B-00C04F79EFBC}") = "tterm", "src\tterm\tterm.csproj", "{8BF6C7C8-2B7A-4833-9AB7-6C3E39ACD776}"
EndProject
Project("{FAE04EC0-301F-11D3-BF4B-00C04F79EFBC}") = "wContorl", "Contorl\wContorl.csproj", "{C738EA76-71E9-4E48-A81F-AB1A560146BC}"
EndProject
Project("{FAE04EC0-301F-11D3-BF4B-00C04F79EFBC}") = "WpfAppTest", "Sample\WpfAppTest.csproj", "{61686E71-3AD0-4DEB-B9F8-7CEB87B0049A}"
EndProject
Global
	GlobalSection(SolutionConfigurationPlatforms) = preSolution
		Debug|Any CPU = Debug|Any CPU
		Release|Any CPU = Release|Any CPU
	EndGlobalSection
	GlobalSection(ProjectConfigurationPlatforms) = postSolution
		{8BF6C7C8-2B7A-4833-9AB7-6C3E39ACD776}.Debug|Any CPU.ActiveCfg = Debug|Any CPU
		{8BF6C7C8-2B7A-4833-9AB7-6C3E39ACD776}.Debug|Any CPU.Build.0 = Debug|Any CPU
		{8BF6C7C8-2B7A-4833-9AB7-6C3E39ACD776}.Release|Any CPU.ActiveCfg = Release|Any CPU
		{8BF6C7C8-2B7A-4833-9AB7-6C3E39ACD776}.Release|Any CPU.Build.0 = Release|Any CPU
		{C738EA76-71E9-4E48-A81F-AB1A560146BC}.Debug|Any CPU.ActiveCfg = Debug|Any CPU
		{C738EA76-71E9-4E48-A81F-AB1A560146BC}.Debug|Any CPU.Build.0 = Debug|Any CPU
		{C738EA76-71E9-4E48-A81F-AB1A560146BC}.Release|Any CPU.ActiveCfg = Release|Any CPU
		{C738EA76-71E9-4E48-A81F-AB1A560146BC}.Release|Any CPU.Build.0 = Release|Any CPU
		{61686E71-3AD0-4DEB-B9F8-7CEB87B0049A}.Debug|Any CPU.ActiveCfg = Debug|Any CPU
		{61686E71-3AD0-4DEB-B9F8-7CEB87B0049A}.Debug|Any CPU.Build.0 = Debug|Any CPU
		{61686E71-3AD0-4DEB-B9F8-7CEB87B0049A}.Release|Any CPU.ActiveCfg = Release|Any CPU
		{61686E71-3AD0-4DEB-B9F8-7CEB87B0049A}.Release|Any CPU.Build.0 = Release|Any CPU
	EndGlobalSection
	GlobalSection(SolutionProperties) = preSolution
		HideSolutionNode = FALSE
	EndGlobalSection
	GlobalSection(NestedProjects) = preSolution
		{8BF6C7C8-2B7A-4833-9AB7-6C3E39ACD776} = {04F53CB4-2C4A-4B97-B25D-121DD3D1D7D5}
		{C738EA76-71E9-4E48-A81F-AB1A560146BC} = {04F53CB4-2C4A-4B97-B25D-121DD3D1D7D5}
		{61686E71-3AD0-4DEB-B9F8-7CEB87B0049A} = {04F53CB4-2C4A-4B97-B25D-121DD3D1D7D5}
	EndGlobalSection
	GlobalSection(ExtensibilityGlobals) = postSolution
		SolutionGuid = {37867390-8B06-44C5-9BD0-82DDCFDB3D10}
	EndGlobalSection
EndGlobal
